
Microsoft Visual Studio Solution File, Format Version 12.00
# Visual Studio Version 17
VisualStudioVersion = 17.6.33829.357
MinimumVisualStudioVersion = 10.0.40219.1
Project("{2150E333-8FDC-42A3-9474-1A3956D46DE8}") = "1 - Services", "1 - Services", "{58DD5D1D-F48D-46F0-8FE1-97C47AE484C4}"
EndProject
Project("{2150E333-8FDC-42A3-9474-1A3956D46DE8}") = "2 - Application", "2 - Application", "{5D034710-F8A7-4C99-8286-2A28CB100C01}"
EndProject
Project("{2150E333-8FDC-42A3-9474-1A3956D46DE8}") = "3 - Domain", "3 - Domain", "{00BE2846-2E75-4B34-8334-8DD61503E0B4}"
EndProject
Project("{2150E333-8FDC-42A3-9474-1A3956D46DE8}") = "4 - Infra", "4 - Infra", "{858FA502-D085-4721-AE37-8613BE7A74B7}"
EndProject
Project("{9A19103F-16F7-4668-BE54-9A1E7A4F7556}") = "Livros.Domain", "Livros.Domain\Livros.Domain.csproj", "{5C3FE85C-1FF8-4E56-9A45-42889802C58F}"
EndProject
Project("{2150E333-8FDC-42A3-9474-1A3956D46DE8}") = "4.1 - Data", "4.1 - Data", "{1B792FA1-3264-488A-BDA2-62D1B110755C}"
EndProject
Project("{9A19103F-16F7-4668-BE54-9A1E7A4F7556}") = "Livros.Data", "Livros.Data\Livros.Data.csproj", "{ACA7262A-1014-48E6-8CE5-3CF2D945EC36}"
EndProject
Project("{2150E333-8FDC-42A3-9474-1A3956D46DE8}") = "4.2 - CrossCutting", "4.2 - CrossCutting", "{D12E3DD4-485E-468C-AC05-01C738F154FD}"
EndProject
Project("{9A19103F-16F7-4668-BE54-9A1E7A4F7556}") = "Livros.IoC", "Livros.IoC\Livros.IoC.csproj", "{154B168A-D273-4C21-94B8-3EBBB400B62D}"
EndProject
Project("{9A19103F-16F7-4668-BE54-9A1E7A4F7556}") = "Livros.Domain.Core", "Livros.Domain.Core\Livros.Domain.Core.csproj", "{A3E9082C-3E7C-408C-B022-0A7C8BDACAEE}"
EndProject
Project("{9A19103F-16F7-4668-BE54-9A1E7A4F7556}") = "Livros.Application", "Livros.Application\Livros.Application.csproj", "{DFB28A80-1F05-4D97-9075-57D30B6462A8}"
EndProject
Project("{9A19103F-16F7-4668-BE54-9A1E7A4F7556}") = "Livros.API", "Livros.API\Livros.API.csproj", "{35B38401-6DB0-4D31-9BA9-89572E0B3BB6}"
EndProject
Project("{9A19103F-16F7-4668-BE54-9A1E7A4F7556}") = "Livros.Bus", "Livros.Bus\Livros.Bus.csproj", "{D5575AD1-5776-4C51-9433-AA12C3DDDEBD}"
EndProject
Project("{FAE04EC0-301F-11D3-BF4B-00C04F79EFBC}") = "Livros.Authentication", "Livros.Authentication\Livros.Authentication.csproj", "{CB08E987-E38F-46CC-A1AA-DC7253464BC0}"
EndProject
Global
	GlobalSection(SolutionConfigurationPlatforms) = preSolution
		Debug|Any CPU = Debug|Any CPU
		Release|Any CPU = Release|Any CPU
	EndGlobalSection
	GlobalSection(ProjectConfigurationPlatforms) = postSolution
		{5C3FE85C-1FF8-4E56-9A45-42889802C58F}.Debug|Any CPU.ActiveCfg = Debug|Any CPU
		{5C3FE85C-1FF8-4E56-9A45-42889802C58F}.Debug|Any CPU.Build.0 = Debug|Any CPU
		{5C3FE85C-1FF8-4E56-9A45-42889802C58F}.Release|Any CPU.ActiveCfg = Release|Any CPU
		{5C3FE85C-1FF8-4E56-9A45-42889802C58F}.Release|Any CPU.Build.0 = Release|Any CPU
		{ACA7262A-1014-48E6-8CE5-3CF2D945EC36}.Debug|Any CPU.ActiveCfg = Debug|Any CPU
		{ACA7262A-1014-48E6-8CE5-3CF2D945EC36}.Debug|Any CPU.Build.0 = Debug|Any CPU
		{ACA7262A-1014-48E6-8CE5-3CF2D945EC36}.Release|Any CPU.ActiveCfg = Release|Any CPU
		{ACA7262A-1014-48E6-8CE5-3CF2D945EC36}.Release|Any CPU.Build.0 = Release|Any CPU
		{154B168A-D273-4C21-94B8-3EBBB400B62D}.Debug|Any CPU.ActiveCfg = Debug|Any CPU
		{154B168A-D273-4C21-94B8-3EBBB400B62D}.Debug|Any CPU.Build.0 = Debug|Any CPU
		{154B168A-D273-4C21-94B8-3EBBB400B62D}.Release|Any CPU.ActiveCfg = Release|Any CPU
		{154B168A-D273-4C21-94B8-3EBBB400B62D}.Release|Any CPU.Build.0 = Release|Any CPU
		{A3E9082C-3E7C-408C-B022-0A7C8BDACAEE}.Debug|Any CPU.ActiveCfg = Debug|Any CPU
		{A3E9082C-3E7C-408C-B022-0A7C8BDACAEE}.Debug|Any CPU.Build.0 = Debug|Any CPU
		{A3E9082C-3E7C-408C-B022-0A7C8BDACAEE}.Release|Any CPU.ActiveCfg = Release|Any CPU
		{A3E9082C-3E7C-408C-B022-0A7C8BDACAEE}.Release|Any CPU.Build.0 = Release|Any CPU
		{DFB28A80-1F05-4D97-9075-57D30B6462A8}.Debug|Any CPU.ActiveCfg = Debug|Any CPU
		{DFB28A80-1F05-4D97-9075-57D30B6462A8}.Debug|Any CPU.Build.0 = Debug|Any CPU
		{DFB28A80-1F05-4D97-9075-57D30B6462A8}.Release|Any CPU.ActiveCfg = Release|Any CPU
		{DFB28A80-1F05-4D97-9075-57D30B6462A8}.Release|Any CPU.Build.0 = Release|Any CPU
		{35B38401-6DB0-4D31-9BA9-89572E0B3BB6}.Debug|Any CPU.ActiveCfg = Debug|Any CPU
		{35B38401-6DB0-4D31-9BA9-89572E0B3BB6}.Debug|Any CPU.Build.0 = Debug|Any CPU
		{35B38401-6DB0-4D31-9BA9-89572E0B3BB6}.Release|Any CPU.ActiveCfg = Release|Any CPU
		{35B38401-6DB0-4D31-9BA9-89572E0B3BB6}.Release|Any CPU.Build.0 = Release|Any CPU
		{D5575AD1-5776-4C51-9433-AA12C3DDDEBD}.Debug|Any CPU.ActiveCfg = Debug|Any CPU
		{D5575AD1-5776-4C51-9433-AA12C3DDDEBD}.Debug|Any CPU.Build.0 = Debug|Any CPU
		{D5575AD1-5776-4C51-9433-AA12C3DDDEBD}.Release|Any CPU.ActiveCfg = Release|Any CPU
		{D5575AD1-5776-4C51-9433-AA12C3DDDEBD}.Release|Any CPU.Build.0 = Release|Any CPU
		{CB08E987-E38F-46CC-A1AA-DC7253464BC0}.Debug|Any CPU.ActiveCfg = Debug|Any CPU
		{CB08E987-E38F-46CC-A1AA-DC7253464BC0}.Debug|Any CPU.Build.0 = Debug|Any CPU
		{CB08E987-E38F-46CC-A1AA-DC7253464BC0}.Release|Any CPU.ActiveCfg = Release|Any CPU
		{CB08E987-E38F-46CC-A1AA-DC7253464BC0}.Release|Any CPU.Build.0 = Release|Any CPU
	EndGlobalSection
	GlobalSection(SolutionProperties) = preSolution
		HideSolutionNode = FALSE
	EndGlobalSection
	GlobalSection(NestedProjects) = preSolution
		{5C3FE85C-1FF8-4E56-9A45-42889802C58F} = {00BE2846-2E75-4B34-8334-8DD61503E0B4}
		{1B792FA1-3264-488A-BDA2-62D1B110755C} = {858FA502-D085-4721-AE37-8613BE7A74B7}
		{ACA7262A-1014-48E6-8CE5-3CF2D945EC36} = {1B792FA1-3264-488A-BDA2-62D1B110755C}
		{D12E3DD4-485E-468C-AC05-01C738F154FD} = {858FA502-D085-4721-AE37-8613BE7A74B7}
		{154B168A-D273-4C21-94B8-3EBBB400B62D} = {D12E3DD4-485E-468C-AC05-01C738F154FD}
		{A3E9082C-3E7C-408C-B022-0A7C8BDACAEE} = {00BE2846-2E75-4B34-8334-8DD61503E0B4}
		{DFB28A80-1F05-4D97-9075-57D30B6462A8} = {5D034710-F8A7-4C99-8286-2A28CB100C01}
		{35B38401-6DB0-4D31-9BA9-89572E0B3BB6} = {58DD5D1D-F48D-46F0-8FE1-97C47AE484C4}
		{D5575AD1-5776-4C51-9433-AA12C3DDDEBD} = {D12E3DD4-485E-468C-AC05-01C738F154FD}
		{CB08E987-E38F-46CC-A1AA-DC7253464BC0} = {D12E3DD4-485E-468C-AC05-01C738F154FD}
	EndGlobalSection
	GlobalSection(ExtensibilityGlobals) = postSolution
		SolutionGuid = {41F821E0-5AB2-4216-9894-73F915590293}
	EndGlobalSection
EndGlobal
